
Microsoft Visual Studio Solution File, Format Version 12.00
# Visual Studio Version 16
VisualStudioVersion = 16.0.30320.27
MinimumVisualStudioVersion = 10.0.40219.1
Project("{FAE04EC0-301F-11D3-BF4B-00C04F79EFBC}") = "Cappuccino.Model", "Cappuccino.Model\Cappuccino.Model.csproj", "{93FE2CE0-1A84-4138-B18F-D984AE0F4D81}"
EndProject
Project("{FAE04EC0-301F-11D3-BF4B-00C04F79EFBC}") = "Cappuccino.IDAL", "Cappuccino.IDAL\Cappuccino.IDAL.csproj", "{94C73821-31D6-4F89-887A-FFC96FFAB5D7}"
EndProject
Project("{FAE04EC0-301F-11D3-BF4B-00C04F79EFBC}") = "Cappuccino.DAL", "Cappuccino.DAL\Cappuccino.DAL.csproj", "{F122A9BC-F278-408F-B1DB-E0BF92923C56}"
EndProject
Project("{FAE04EC0-301F-11D3-BF4B-00C04F79EFBC}") = "Cappuccino.IBLL", "Cappuccino.IBLL\Cappuccino.IBLL.csproj", "{2D44CCE2-A040-4A43-9AD3-6B4CAB0FE740}"
EndProject
Project("{FAE04EC0-301F-11D3-BF4B-00C04F79EFBC}") = "Cappuccino.BLL", "Cappuccino.BLL\Cappuccino.BLL.csproj", "{B870B085-52FE-4C4F-A775-E38D05A56B5D}"
EndProject
Project("{FAE04EC0-301F-11D3-BF4B-00C04F79EFBC}") = "Cappuccino.Common", "Cappuccino.Common\Cappuccino.Common.csproj", "{471E7F22-FDC4-4F8C-B985-3336D4B14E0B}"
EndProject
Project("{FAE04EC0-301F-11D3-BF4B-00C04F79EFBC}") = "Cappuccino.Web.Core", "Cappuccino.Web.Core\Cappuccino.Web.Core.csproj", "{BFB1C0BF-BFAE-4E45-B92B-D89009434132}"
EndProject
Project("{FAE04EC0-301F-11D3-BF4B-00C04F79EFBC}") = "Cappuccino.Web", "Cappuccino.Web\Cappuccino.Web.csproj", "{224ACBD7-CEE0-446E-A27D-6BF038D3AA92}"
EndProject
Project("{FAE04EC0-301F-11D3-BF4B-00C04F79EFBC}") = "Cappuccino.Web.Tests", "Cappuccino.Web.Tests\Cappuccino.Web.Tests.csproj", "{671F56B8-38B6-4081-B539-11737DB0E580}"
EndProject
Project("{2150E333-8FDC-42A3-9474-1A3956D46DE8}") = "Infrastructure", "Infrastructure", "{CFE6CC83-F883-4942-8A9A-B3FE73FF6907}"
EndProject
Project("{2150E333-8FDC-42A3-9474-1A3956D46DE8}") = "Data", "Data", "{F4F3371E-ECDC-4C02-94E1-B01E73E140EB}"
EndProject
Project("{2150E333-8FDC-42A3-9474-1A3956D46DE8}") = "Business", "Business", "{C16FB378-045D-4F06-BE0E-BA2DCB372CEF}"
EndProject
Project("{2150E333-8FDC-42A3-9474-1A3956D46DE8}") = "UI", "UI", "{12B56218-4818-4405-98AA-06617049FAC7}"
EndProject
Project("{2150E333-8FDC-42A3-9474-1A3956D46DE8}") = "UnitTest", "UnitTest", "{B6AD7135-21CC-4B78-B896-D4EAE1FE2EF4}"
EndProject
Project("{FAE04EC0-301F-11D3-BF4B-00C04F79EFBC}") = "Cappuccino.ViewModel", "Cappuccino.ViewModel\Cappuccino.ViewModel.csproj", "{A42FC2EF-0277-4ED7-B6A2-223323D52EFC}"
EndProject
Global
	GlobalSection(SolutionConfigurationPlatforms) = preSolution
		Debug|Any CPU = Debug|Any CPU
		Release|Any CPU = Release|Any CPU
	EndGlobalSection
	GlobalSection(ProjectConfigurationPlatforms) = postSolution
		{93FE2CE0-1A84-4138-B18F-D984AE0F4D81}.Debug|Any CPU.ActiveCfg = Debug|Any CPU
		{93FE2CE0-1A84-4138-B18F-D984AE0F4D81}.Debug|Any CPU.Build.0 = Debug|Any CPU
		{93FE2CE0-1A84-4138-B18F-D984AE0F4D81}.Release|Any CPU.ActiveCfg = Release|Any CPU
		{93FE2CE0-1A84-4138-B18F-D984AE0F4D81}.Release|Any CPU.Build.0 = Release|Any CPU
		{94C73821-31D6-4F89-887A-FFC96FFAB5D7}.Debug|Any CPU.ActiveCfg = Debug|Any CPU
		{94C73821-31D6-4F89-887A-FFC96FFAB5D7}.Debug|Any CPU.Build.0 = Debug|Any CPU
		{94C73821-31D6-4F89-887A-FFC96FFAB5D7}.Release|Any CPU.ActiveCfg = Release|Any CPU
		{94C73821-31D6-4F89-887A-FFC96FFAB5D7}.Release|Any CPU.Build.0 = Release|Any CPU
		{F122A9BC-F278-408F-B1DB-E0BF92923C56}.Debug|Any CPU.ActiveCfg = Debug|Any CPU
		{F122A9BC-F278-408F-B1DB-E0BF92923C56}.Debug|Any CPU.Build.0 = Debug|Any CPU
		{F122A9BC-F278-408F-B1DB-E0BF92923C56}.Release|Any CPU.ActiveCfg = Release|Any CPU
		{F122A9BC-F278-408F-B1DB-E0BF92923C56}.Release|Any CPU.Build.0 = Release|Any CPU
		{2D44CCE2-A040-4A43-9AD3-6B4CAB0FE740}.Debug|Any CPU.ActiveCfg = Debug|Any CPU
		{2D44CCE2-A040-4A43-9AD3-6B4CAB0FE740}.Debug|Any CPU.Build.0 = Debug|Any CPU
		{2D44CCE2-A040-4A43-9AD3-6B4CAB0FE740}.Release|Any CPU.ActiveCfg = Release|Any CPU
		{2D44CCE2-A040-4A43-9AD3-6B4CAB0FE740}.Release|Any CPU.Build.0 = Release|Any CPU
		{B870B085-52FE-4C4F-A775-E38D05A56B5D}.Debug|Any CPU.ActiveCfg = Debug|Any CPU
		{B870B085-52FE-4C4F-A775-E38D05A56B5D}.Debug|Any CPU.Build.0 = Debug|Any CPU
		{B870B085-52FE-4C4F-A775-E38D05A56B5D}.Release|Any CPU.ActiveCfg = Release|Any CPU
		{B870B085-52FE-4C4F-A775-E38D05A56B5D}.Release|Any CPU.Build.0 = Release|Any CPU
		{471E7F22-FDC4-4F8C-B985-3336D4B14E0B}.Debug|Any CPU.ActiveCfg = Debug|Any CPU
		{471E7F22-FDC4-4F8C-B985-3336D4B14E0B}.Debug|Any CPU.Build.0 = Debug|Any CPU
		{471E7F22-FDC4-4F8C-B985-3336D4B14E0B}.Release|Any CPU.ActiveCfg = Release|Any CPU
		{471E7F22-FDC4-4F8C-B985-3336D4B14E0B}.Release|Any CPU.Build.0 = Release|Any CPU
		{BFB1C0BF-BFAE-4E45-B92B-D89009434132}.Debug|Any CPU.ActiveCfg = Debug|Any CPU
		{BFB1C0BF-BFAE-4E45-B92B-D89009434132}.Debug|Any CPU.Build.0 = Debug|Any CPU
		{BFB1C0BF-BFAE-4E45-B92B-D89009434132}.Release|Any CPU.ActiveCfg = Release|Any CPU
		{BFB1C0BF-BFAE-4E45-B92B-D89009434132}.Release|Any CPU.Build.0 = Release|Any CPU
		{224ACBD7-CEE0-446E-A27D-6BF038D3AA92}.Debug|Any CPU.ActiveCfg = Debug|Any CPU
		{224ACBD7-CEE0-446E-A27D-6BF038D3AA92}.Debug|Any CPU.Build.0 = Debug|Any CPU
		{224ACBD7-CEE0-446E-A27D-6BF038D3AA92}.Release|Any CPU.ActiveCfg = Release|Any CPU
		{224ACBD7-CEE0-446E-A27D-6BF038D3AA92}.Release|Any CPU.Build.0 = Release|Any CPU
		{671F56B8-38B6-4081-B539-11737DB0E580}.Debug|Any CPU.ActiveCfg = Debug|Any CPU
		{671F56B8-38B6-4081-B539-11737DB0E580}.Debug|Any CPU.Build.0 = Debug|Any CPU
		{671F56B8-38B6-4081-B539-11737DB0E580}.Release|Any CPU.ActiveCfg = Release|Any CPU
		{671F56B8-38B6-4081-B539-11737DB0E580}.Release|Any CPU.Build.0 = Release|Any CPU
		{A42FC2EF-0277-4ED7-B6A2-223323D52EFC}.Debug|Any CPU.ActiveCfg = Debug|Any CPU
		{A42FC2EF-0277-4ED7-B6A2-223323D52EFC}.Debug|Any CPU.Build.0 = Debug|Any CPU
		{A42FC2EF-0277-4ED7-B6A2-223323D52EFC}.Release|Any CPU.ActiveCfg = Release|Any CPU
		{A42FC2EF-0277-4ED7-B6A2-223323D52EFC}.Release|Any CPU.Build.0 = Release|Any CPU
	EndGlobalSection
	GlobalSection(SolutionProperties) = preSolution
		HideSolutionNode = FALSE
	EndGlobalSection
	GlobalSection(NestedProjects) = preSolution
		{93FE2CE0-1A84-4138-B18F-D984AE0F4D81} = {CFE6CC83-F883-4942-8A9A-B3FE73FF6907}
		{94C73821-31D6-4F89-887A-FFC96FFAB5D7} = {F4F3371E-ECDC-4C02-94E1-B01E73E140EB}
		{F122A9BC-F278-408F-B1DB-E0BF92923C56} = {F4F3371E-ECDC-4C02-94E1-B01E73E140EB}
		{2D44CCE2-A040-4A43-9AD3-6B4CAB0FE740} = {C16FB378-045D-4F06-BE0E-BA2DCB372CEF}
		{B870B085-52FE-4C4F-A775-E38D05A56B5D} = {C16FB378-045D-4F06-BE0E-BA2DCB372CEF}
		{471E7F22-FDC4-4F8C-B985-3336D4B14E0B} = {CFE6CC83-F883-4942-8A9A-B3FE73FF6907}
		{BFB1C0BF-BFAE-4E45-B92B-D89009434132} = {CFE6CC83-F883-4942-8A9A-B3FE73FF6907}
		{224ACBD7-CEE0-446E-A27D-6BF038D3AA92} = {12B56218-4818-4405-98AA-06617049FAC7}
		{671F56B8-38B6-4081-B539-11737DB0E580} = {B6AD7135-21CC-4B78-B896-D4EAE1FE2EF4}
		{A42FC2EF-0277-4ED7-B6A2-223323D52EFC} = {CFE6CC83-F883-4942-8A9A-B3FE73FF6907}
	EndGlobalSection
	GlobalSection(ExtensibilityGlobals) = postSolution
		SolutionGuid = {FEE7F93B-93C4-4C52-B912-3C6862B7FA94}
	EndGlobalSection
EndGlobal
